
Microsoft Visual Studio Solution File, Format Version 12.00
# Visual Studio Version 16
VisualStudioVersion = 16.0.29709.97
MinimumVisualStudioVersion = 10.0.40219.1
Project("{FAE04EC0-301F-11D3-BF4B-00C04F79EFBC}") = "System", "System\System.csproj", "{23DA066A-9E79-42F5-BFB1-7DE9908BF631}"
EndProject
Project("{FAE04EC0-301F-11D3-BF4B-00C04F79EFBC}") = "Programming", "Programming\Programming.csproj", "{C3E1D9D0-4F2D-465D-AB8B-DAEC1263536D}"
EndProject
Global
	GlobalSection(SolutionConfigurationPlatforms) = preSolution
		Debug|Any CPU = Debug|Any CPU
		Release|Any CPU = Release|Any CPU
	EndGlobalSection
	GlobalSection(ProjectConfigurationPlatforms) = postSolution
		{23DA066A-9E79-42F5-BFB1-7DE9908BF631}.Debug|Any CPU.ActiveCfg = Debug|Any CPU
		{23DA066A-9E79-42F5-BFB1-7DE9908BF631}.Debug|Any CPU.Build.0 = Debug|Any CPU
		{23DA066A-9E79-42F5-BFB1-7DE9908BF631}.Release|Any CPU.ActiveCfg = Release|Any CPU
		{23DA066A-9E79-42F5-BFB1-7DE9908BF631}.Release|Any CPU.Build.0 = Release|Any CPU
		{C3E1D9D0-4F2D-465D-AB8B-DAEC1263536D}.Debug|Any CPU.ActiveCfg = Debug|Any CPU
		{C3E1D9D0-4F2D-465D-AB8B-DAEC1263536D}.Debug|Any CPU.Build.0 = Debug|Any CPU
		{C3E1D9D0-4F2D-465D-AB8B-DAEC1263536D}.Release|Any CPU.ActiveCfg = Release|Any CPU
		{C3E1D9D0-4F2D-465D-AB8B-DAEC1263536D}.Release|Any CPU.Build.0 = Release|Any CPU
	EndGlobalSection
	GlobalSection(SolutionProperties) = preSolution
		HideSolutionNode = FALSE
	EndGlobalSection
	GlobalSection(ExtensibilityGlobals) = postSolution
		SolutionGuid = {D53A53A9-1FE6-4C3E-A749-A9817090CB91}
	EndGlobalSection
EndGlobal
